PODS:
  - MagicalRecord (2.3.2):
    - MagicalRecord/Core (= 2.3.2)
  - MagicalRecord/Core (2.3.2)
  - Masonry (1.0.1)

DEPENDENCIES:
  - MagicalRecord
  - Masonry

SPEC CHECKSUMS:
  MagicalRecord: 53bed74b4323b930992a725be713e53b37d19755
  Masonry: a1a931a0d08870ed8ae415a2ea5ea68ebcac77df

PODFILE CHECKSUM: ccb11b23e14f1524f3624ab3282325037cc3388c

COCOAPODS: 1.0.1
